
Microsoft Visual Studio Solution File, Format Version 12.00
# Visual Studio Version 17
VisualStudioVersion = 17.14.36414.22 d17.14
MinimumVisualStudioVersion = 10.0.40219.1
Project("{FAE04EC0-301F-11D3-BF4B-00C04F79EFBC}") = "Job_Tracker", "Job_Tracker.csproj", "{24C4E9B6-B1C2-4DD0-982B-CE697A13D1BE}"
EndProject
Global
	GlobalSection(SolutionConfigurationPlatforms) = preSolution
		Debug|Any CPU = Debug|Any CPU
		Release|Any CPU = Release|Any CPU
	EndGlobalSection
	GlobalSection(ProjectConfigurationPlatforms) = postSolution
		{24C4E9B6-B1C2-4DD0-982B-CE697A13D1BE}.Debug|Any CPU.ActiveCfg = Debug|Any CPU
		{24C4E9B6-B1C2-4DD0-982B-CE697A13D1BE}.Debug|Any CPU.Build.0 = Debug|Any CPU
		{24C4E9B6-B1C2-4DD0-982B-CE697A13D1BE}.Release|Any CPU.ActiveCfg = Release|Any CPU
		{24C4E9B6-B1C2-4DD0-982B-CE697A13D1BE}.Release|Any CPU.Build.0 = Release|Any CPU
	EndGlobalSection
	GlobalSection(SolutionProperties) = preSolution
		HideSolutionNode = FALSE
	EndGlobalSection
	GlobalSection(ExtensibilityGlobals) = postSolution
		SolutionGuid = {4DD1BF0B-855C-47CD-9406-6F76114C4823}
	EndGlobalSection
EndGlobal
